{
  "nodes": {
    "cachix": {
      "locked": {
        "lastModified": 1641998967,
        "narHash": "sha256-vFrkYTsK02xZMDPP+GEOSALFmP6ThqH7MFOjf+uJoWg=",
        "owner": "cachix",
        "repo": "cachix",
        "rev": "ec5904b25b74dd1b1cf7db0874f85a9169b388aa",
        "type": "github"
      },
      "original": {
        "owner": "cachix",
        "repo": "cachix",
        "type": "github"
      }
    },
    "composer2nix": {
      "inputs": {
        "flake-utils": "flake-utils",
        "nixpkgs": "nixpkgs"
      },
      "locked": {
        "lastModified": 1635195680,
        "narHash": "sha256-NlR+d7qeqmQaowcKLu6RfLqlLdjm0nNstt+cvUB5NIw=",
        "owner": "samuelludwig",
        "repo": "composer2nix",
        "rev": "7a6929b71b971447e91259474cab3001ea4d8b27",
        "type": "github"
      },
      "original": {
        "owner": "samuelludwig",
        "repo": "composer2nix",
        "type": "github"
      }
    },
    "copier-pkgs-preview": {
      "locked": {
        "lastModified": 1636656591,
        "narHash": "sha256-np7FBXpQjHD3uUctBoTiLSb6s4wz21NOwErvgYCE4gg=",
        "owner": "jonringer",
        "repo": "nixpkgs",
        "rev": "83a144c2014f67366357da9b32cc0d5a1554f448",
        "type": "github"
      },
      "original": {
        "owner": "jonringer",
        "ref": "package-copier",
        "repo": "nixpkgs",
        "type": "github"
      }
    },
    "fish-fasd": {
      "flake": false,
      "locked": {
        "lastModified": 1613331538,
        "narHash": "sha256-8JASaNylXAGnWd2IV88juk73b8eJJlVrpyiRZUwHGFQ=",
        "owner": "oh-my-fish",
        "repo": "plugin-fasd",
        "rev": "98c4c729780d8bd0a86031db7d51a97d55025cf5",
        "type": "github"
      },
      "original": {
        "owner": "oh-my-fish",
        "repo": "plugin-fasd",
        "type": "github"
      }
    },
    "fish-ssh-agent": {
      "flake": false,
      "locked": {
        "lastModified": 1605087262,
        "narHash": "sha256-e94Sd1GSUAxwLVVo5yR6msq0jZLOn2m+JZJ6mvwQdLs=",
        "owner": "danhper",
        "repo": "fish-ssh-agent",
        "rev": "fd70a2afdd03caf9bf609746bf6b993b9e83be57",
        "type": "github"
      },
      "original": {
        "owner": "danhper",
        "repo": "fish-ssh-agent",
        "type": "github"
      }
    },
    "flake-compat": {
      "flake": false,
      "locked": {
        "lastModified": 1641205782,
        "narHash": "sha256-4jY7RCWUoZ9cKD8co0/4tFARpWB+57+r1bLLvXNJliY=",
        "owner": "edolstra",
        "repo": "flake-compat",
        "rev": "b7547d3eed6f32d06102ead8991ec52ab0a4f1a7",
        "type": "github"
      },
      "original": {
        "owner": "edolstra",
        "repo": "flake-compat",
        "type": "github"
      }
    },
    "flake-utils": {
      "locked": {
        "lastModified": 1634851050,
        "narHash": "sha256-N83GlSGPJJdcqhUxSCS/WwW5pksYf3VP1M13cDRTSVA=",
        "owner": "numtide",
        "repo": "flake-utils",
        "rev": "c91f3de5adaf1de973b797ef7485e441a65b8935",
        "type": "github"
      },
      "original": {
        "owner": "numtide",
        "repo": "flake-utils",
        "type": "github"
      }
    },
    "flake-utils_2": {
      "locked": {
        "lastModified": 1629481132,
        "narHash": "sha256-JHgasjPR0/J1J3DRm4KxM4zTyAj4IOJY8vIl75v/kPI=",
        "owner": "numtide",
        "repo": "flake-utils",
        "rev": "997f7efcb746a9c140ce1f13c72263189225f482",
        "type": "github"
      },
      "original": {
        "owner": "numtide",
        "repo": "flake-utils",
        "type": "github"
      }
    },
    "flake-utils_3": {
      "locked": {
        "lastModified": 1634851050,
        "narHash": "sha256-N83GlSGPJJdcqhUxSCS/WwW5pksYf3VP1M13cDRTSVA=",
        "owner": "numtide",
        "repo": "flake-utils",
        "rev": "c91f3de5adaf1de973b797ef7485e441a65b8935",
        "type": "github"
      },
      "original": {
        "owner": "numtide",
        "repo": "flake-utils",
        "type": "github"
      }
    },
    "flake-utils_4": {
      "locked": {
        "lastModified": 1637014545,
        "narHash": "sha256-26IZAc5yzlD9FlDT54io1oqG/bBoyka+FJk5guaX4x4=",
        "owner": "numtide",
        "repo": "flake-utils",
        "rev": "bba5dcc8e0b20ab664967ad83d24d64cb64ec4f4",
        "type": "github"
      },
      "original": {
        "owner": "numtide",
        "repo": "flake-utils",
        "type": "github"
      }
    },
    "home-manager": {
      "inputs": {
        "nixpkgs": [
          "nixpkgs"
        ]
      },
      "locked": {
        "lastModified": 1642117744,
        "narHash": "sha256-/SvxBe/m6JiRSlKIrgD6LQxee9GGewFyq+lsPxoViMY=",
        "owner": "nix-community",
        "repo": "home-manager",
        "rev": "a5dd5d5f197724f3065fd39c59c7ccea3c8dcb8f",
        "type": "github"
      },
      "original": {
        "owner": "nix-community",
        "ref": "master",
        "repo": "home-manager",
        "type": "github"
      }
    },
    "import-cargo": {
      "locked": {
        "lastModified": 1594305518,
        "narHash": "sha256-frtArgN42rSaEcEOYWg8sVPMUK+Zgch3c+wejcpX3DY=",
        "owner": "edolstra",
        "repo": "import-cargo",
        "rev": "25d40be4a73d40a2572e0cc233b83253554f06c5",
        "type": "github"
      },
      "original": {
        "owner": "edolstra",
        "repo": "import-cargo",
        "type": "github"
      }
    },
    "neovim-flake": {
      "inputs": {
        "flake-utils": "flake-utils_2",
        "nixpkgs": [
          "nixpkgs"
        ]
      },
      "locked": {
        "dir": "contrib",
        "lastModified": 1642128238,
        "narHash": "sha256-nqOpS7qxA0iaCWoZ4zbAHCkg8SCuMlmql399hQbZnik=",
        "owner": "neovim",
        "repo": "neovim",
        "rev": "a88046fe2d0710d1d1132ea544e9dbbbac1af7de",
        "type": "github"
      },
      "original": {
        "dir": "contrib",
        "owner": "neovim",
        "repo": "neovim",
        "type": "github"
      }
    },
    "neovim-nightly-overlay": {
      "inputs": {
        "flake-compat": "flake-compat",
        "neovim-flake": "neovim-flake",
        "nixpkgs": [
          "nixpkgs"
        ]
      },
      "locked": {
        "lastModified": 1642148099,
        "narHash": "sha256-XKXYI+4xov18J1cB2N3t0fEJUEy+8nLkm/J9AMNdRHY=",
        "owner": "nix-community",
        "repo": "neovim-nightly-overlay",
        "rev": "830fc4b7322dce7a0f44b27d057f6823601020a9",
        "type": "github"
      },
      "original": {
        "owner": "nix-community",
        "repo": "neovim-nightly-overlay",
        "type": "github"
      }
    },
    "nickel": {
      "inputs": {
        "import-cargo": "import-cargo",
        "nixpkgs": "nixpkgs_2",
        "nixpkgs-mozilla": "nixpkgs-mozilla",
        "nixpkgs-wasm": "nixpkgs-wasm"
      },
      "locked": {
        "lastModified": 1642124265,
        "narHash": "sha256-nwrYPJXkycNRqa/xigDP/hxHCcty2AKLj2V3pQ6d9As=",
        "owner": "tweag",
        "repo": "nickel",
        "rev": "5642c455c8b528867370958acae2d2eb0cb98ab2",
        "type": "github"
      },
      "original": {
        "owner": "tweag",
        "repo": "nickel",
        "type": "github"
      }
    },
    "nixGL": {
      "flake": false,
      "locked": {
        "lastModified": 1640912150,
        "narHash": "sha256-BERCTgnV1GtDjmMxAVy2CRdOoxk7AG1vEDvYPiIjk0s=",
        "owner": "guibou",
        "repo": "nixGL",
        "rev": "58ab858a1b1059184e0cdb358f3470fa8ededeac",
        "type": "github"
      },
      "original": {
        "owner": "guibou",
        "repo": "nixGL",
        "type": "github"
      }
    },
    "nixos-hardware": {
      "locked": {
        "lastModified": 1641965797,
        "narHash": "sha256-AfxfIzAZbt9aAzpVBn0Bwhd/M4Wix7G91kEjm9H6FPo=",
        "owner": "NixOS",
        "repo": "nixos-hardware",
        "rev": "87a35a0d58f546dc23f37b4f6af575d0e4be6a7a",
        "type": "github"
      },
      "original": {
        "owner": "NixOS",
        "ref": "master",
        "repo": "nixos-hardware",
        "type": "github"
      }
    },
    "nixpkgs": {
      "locked": {
        "lastModified": 1634782485,
        "narHash": "sha256-psfh4OQSokGXG0lpq3zKFbhOo3QfoeudRcaUnwMRkQo=",
        "owner": "nixos",
        "repo": "nixpkgs",
        "rev": "34ad3ffe08adfca17fcb4e4a47bb5f3b113687be",
        "type": "github"
      },
      "original": {
        "owner": "nixos",
        "ref": "nixos-unstable",
        "repo": "nixpkgs",
        "type": "github"
      }
    },
    "nixpkgs-mozilla": {
      "inputs": {
        "nixpkgs": "nixpkgs_3"
      },
      "locked": {
        "lastModified": 1630405024,
        "narHash": "sha256-DvYmScld4IOj8DdIF4RI8B2POAD7BVgajdUviWpBhgM=",
        "owner": "nickel-lang",
        "repo": "nixpkgs-mozilla",
        "rev": "38af8eb25905bcece8c1adc5d80e3f26f5e533f8",
        "type": "github"
      },
      "original": {
        "owner": "nickel-lang",
        "ref": "flake",
        "repo": "nixpkgs-mozilla",
        "type": "github"
      }
    },
    "nixpkgs-wasm": {
      "locked": {
        "lastModified": 1631098960,
        "narHash": "sha256-6j6G/omHEFAnI2x7UvdrviGDNqiq1Fjd1A58Q6uc4sQ=",
        "owner": "NixOS",
        "repo": "nixpkgs",
        "rev": "12eb1d16ae3b6cbf0ea83e9228bca8ffd7cfe347",
        "type": "github"
      },
      "original": {
        "id": "nixpkgs",
        "ref": "nixos-21.05",
        "type": "indirect"
      }
    },
    "nixpkgs_2": {
      "locked": {
        "lastModified": 1631118067,
        "narHash": "sha256-tEcFvm3a6ToeBGwHdjfB2mVQwa4LZCZTQYE2LnY3ycA=",
        "owner": "NixOS",
        "repo": "nixpkgs",
        "rev": "09cd65b33c5653d7d2954fef4b9f0e718c899743",
        "type": "github"
      },
      "original": {
        "id": "nixpkgs",
        "ref": "nixos-unstable",
        "type": "indirect"
      }
    },
    "nixpkgs_3": {
      "locked": {
        "lastModified": 1630248577,
        "narHash": "sha256-9d/yq96TTrnF7qjA6wPYk+rYjWAXwfUmwk3qewezSeg=",
        "owner": "NixOS",
        "repo": "nixpkgs",
        "rev": "8d8a28b47b7c41aeb4ad01a2bd8b7d26986c3512",
        "type": "github"
      },
      "original": {
        "id": "nixpkgs",
        "ref": "nixos-unstable",
        "type": "indirect"
      }
    },
    "nixpkgs_4": {
      "locked": {
        "lastModified": 1641887635,
        "narHash": "sha256-kDGpufwzVaiGe5e1sBUBPo9f1YN+nYHJlYqCaVpZTQQ=",
        "owner": "nixos",
        "repo": "nixpkgs",
        "rev": "b2737d4980a17cc2b7d600d7d0b32fd7333aca88",
        "type": "github"
      },
      "original": {
        "owner": "nixos",
        "ref": "nixos-unstable",
        "repo": "nixpkgs",
        "type": "github"
      }
    },
    "nixpkgs_5": {
      "locked": {
        "lastModified": 1634782485,
        "narHash": "sha256-psfh4OQSokGXG0lpq3zKFbhOo3QfoeudRcaUnwMRkQo=",
        "owner": "nixos",
        "repo": "nixpkgs",
        "rev": "34ad3ffe08adfca17fcb4e4a47bb5f3b113687be",
        "type": "github"
      },
      "original": {
        "owner": "nixos",
        "ref": "nixos-unstable",
        "repo": "nixpkgs",
        "type": "github"
      }
    },
    "nixpkgs_6": {
      "locked": {
        "lastModified": 1637453606,
        "narHash": "sha256-Gy6cwUswft9xqsjWxFYEnx/63/qzaFUwatcbV5GF/GQ=",
        "owner": "NixOS",
        "repo": "nixpkgs",
        "rev": "8afc4e543663ca0a6a4f496262cd05233737e732",
        "type": "github"
      },
      "original": {
        "owner": "NixOS",
        "ref": "nixpkgs-unstable",
        "repo": "nixpkgs",
        "type": "github"
      }
    },
    "node2nix": {
      "inputs": {
        "flake-utils": "flake-utils_3",
        "nixpkgs": "nixpkgs_5"
      },
      "locked": {
        "lastModified": 1635333828,
        "narHash": "sha256-Shs298eqoGVbZbAafn5s8JjpjiiVInFTkSiL7Tep30s=",
        "owner": "samuelludwig",
        "repo": "node2nix",
        "rev": "b250e5d1bfa0f260f8b055dbeefbcf0ab5199261",
        "type": "github"
      },
      "original": {
        "owner": "samuelludwig",
        "repo": "node2nix",
        "type": "github"
      }
    },
    "root": {
      "inputs": {
        "cachix": "cachix",
        "composer2nix": "composer2nix",
        "copier-pkgs-preview": "copier-pkgs-preview",
        "fish-fasd": "fish-fasd",
        "fish-ssh-agent": "fish-ssh-agent",
        "home-manager": "home-manager",
        "neovim-nightly-overlay": "neovim-nightly-overlay",
        "nickel": "nickel",
        "nixGL": "nixGL",
        "nixos-hardware": "nixos-hardware",
        "nixpkgs": "nixpkgs_4",
        "node2nix": "node2nix",
        "rust-overlay": "rust-overlay",
        "telescope-fzf-native": "telescope-fzf-native"
      }
    },
    "rust-overlay": {
      "inputs": {
        "flake-utils": "flake-utils_4",
        "nixpkgs": "nixpkgs_6"
      },
      "locked": {
        "lastModified": 1642128126,
        "narHash": "sha256-av8JUACdrTfQYl/ftZJvKpZEmZfa0avCq7tt5Usdoq0=",
        "owner": "oxalica",
        "repo": "rust-overlay",
        "rev": "ce4ef6f2d74f2b68f7547df1de22d1b0037ce4ad",
        "type": "github"
      },
      "original": {
        "owner": "oxalica",
        "repo": "rust-overlay",
        "type": "github"
      }
    },
    "telescope-fzf-native": {
      "flake": false,
      "locked": {
        "lastModified": 1637772424,
        "narHash": "sha256-gd/nNgMhvHdJWOlHMdYxY8Hi8Qo4F66TjKSewNKNR3I=",
        "owner": "nvim-telescope",
        "repo": "telescope-fzf-native.nvim",
        "rev": "b8662b076175e75e6497c59f3e2799b879d7b954",
        "type": "github"
      },
      "original": {
        "owner": "nvim-telescope",
        "repo": "telescope-fzf-native.nvim",
        "type": "github"
      }
    }
  },
  "root": "root",
  "version": 7
}
