{
  "nodes": {
    "cachix": {
      "locked": {
        "lastModified": 1634936048,
        "narHash": "sha256-Zkleh6ICiWAwBw+FLIE1jXHfxojSQdcFE4UnaFr28bQ=",
        "owner": "cachix",
        "repo": "cachix",
        "rev": "a8f2e351be103041188793fd4d5f39557ebc4dbb",
        "type": "github"
      },
      "original": {
        "owner": "cachix",
        "repo": "cachix",
        "type": "github"
      }
    },
    "composer2nix": {
      "inputs": {
        "flake-utils": "flake-utils",
        "nixpkgs": "nixpkgs"
      },
      "locked": {
        "lastModified": 1635195680,
        "narHash": "sha256-NlR+d7qeqmQaowcKLu6RfLqlLdjm0nNstt+cvUB5NIw=",
        "owner": "samuelludwig",
        "repo": "composer2nix",
        "rev": "7a6929b71b971447e91259474cab3001ea4d8b27",
        "type": "github"
      },
      "original": {
        "owner": "samuelludwig",
        "repo": "composer2nix",
        "type": "github"
      }
    },
    "copier": {
      "inputs": {
        "dunamai": "dunamai",
        "flake-utils": "flake-utils_2",
        "iteration-utilities": "iteration-utilities",
        "jinja2": "jinja2",
        "jinja2-ansible-filters": "jinja2-ansible-filters",
        "nixpkgs": "nixpkgs_2",
        "plumbum": "plumbum",
        "poetry-dynamic-versioning": "poetry-dynamic-versioning",
        "poetry2nix": "poetry2nix",
        "pyyaml-include": "pyyaml-include"
      },
      "locked": {
        "lastModified": 1635874398,
        "narHash": "sha256-XPNK5Jj3Ga2YTaEwvlRYGxuAthInv5BeHKo0NQ+fnkI=",
        "owner": "samuelludwig",
        "repo": "copier",
        "rev": "1f62b2f2bd4950ae5e8b8de5446d66c39f368303",
        "type": "github"
      },
      "original": {
        "owner": "samuelludwig",
        "ref": "p2n",
        "repo": "copier",
        "type": "github"
      }
    },
    "dunamai": {
      "flake": false,
      "locked": {
        "lastModified": 1635683579,
        "narHash": "sha256-ocPkklKJTIT9YizQ4HwDv/r+9G+/XPxMYAgf9DuzDto=",
        "owner": "mtkennerly",
        "repo": "dunamai",
        "rev": "3e2173eb42a5a342cb25276d81624fcd054d9d30",
        "type": "github"
      },
      "original": {
        "owner": "mtkennerly",
        "repo": "dunamai",
        "type": "github"
      }
    },
    "fish-fasd": {
      "flake": false,
      "locked": {
        "lastModified": 1613331538,
        "narHash": "sha256-8JASaNylXAGnWd2IV88juk73b8eJJlVrpyiRZUwHGFQ=",
        "owner": "oh-my-fish",
        "repo": "plugin-fasd",
        "rev": "98c4c729780d8bd0a86031db7d51a97d55025cf5",
        "type": "github"
      },
      "original": {
        "owner": "oh-my-fish",
        "repo": "plugin-fasd",
        "type": "github"
      }
    },
    "fish-ssh-agent": {
      "flake": false,
      "locked": {
        "lastModified": 1605087262,
        "narHash": "sha256-e94Sd1GSUAxwLVVo5yR6msq0jZLOn2m+JZJ6mvwQdLs=",
        "owner": "danhper",
        "repo": "fish-ssh-agent",
        "rev": "fd70a2afdd03caf9bf609746bf6b993b9e83be57",
        "type": "github"
      },
      "original": {
        "owner": "danhper",
        "repo": "fish-ssh-agent",
        "type": "github"
      }
    },
    "flake-compat": {
      "flake": false,
      "locked": {
        "lastModified": 1627913399,
        "narHash": "sha256-hY8g6H2KFL8ownSiFeMOjwPC8P0ueXpCVEbxgda3pko=",
        "owner": "edolstra",
        "repo": "flake-compat",
        "rev": "12c64ca55c1014cdc1b16ed5a804aa8576601ff2",
        "type": "github"
      },
      "original": {
        "owner": "edolstra",
        "repo": "flake-compat",
        "type": "github"
      }
    },
    "flake-utils": {
      "locked": {
        "lastModified": 1634851050,
        "narHash": "sha256-N83GlSGPJJdcqhUxSCS/WwW5pksYf3VP1M13cDRTSVA=",
        "owner": "numtide",
        "repo": "flake-utils",
        "rev": "c91f3de5adaf1de973b797ef7485e441a65b8935",
        "type": "github"
      },
      "original": {
        "owner": "numtide",
        "repo": "flake-utils",
        "type": "github"
      }
    },
    "flake-utils_2": {
      "locked": {
        "lastModified": 1634851050,
        "narHash": "sha256-N83GlSGPJJdcqhUxSCS/WwW5pksYf3VP1M13cDRTSVA=",
        "owner": "numtide",
        "repo": "flake-utils",
        "rev": "c91f3de5adaf1de973b797ef7485e441a65b8935",
        "type": "github"
      },
      "original": {
        "owner": "numtide",
        "repo": "flake-utils",
        "type": "github"
      }
    },
    "flake-utils_3": {
      "locked": {
        "lastModified": 1610051610,
        "narHash": "sha256-U9rPz/usA1/Aohhk7Cmc2gBrEEKRzcW4nwPWMPwja4Y=",
        "owner": "numtide",
        "repo": "flake-utils",
        "rev": "3982c9903e93927c2164caa727cd3f6a0e6d14cc",
        "type": "github"
      },
      "original": {
        "owner": "numtide",
        "repo": "flake-utils",
        "type": "github"
      }
    },
    "flake-utils_4": {
      "locked": {
        "lastModified": 1629481132,
        "narHash": "sha256-JHgasjPR0/J1J3DRm4KxM4zTyAj4IOJY8vIl75v/kPI=",
        "owner": "numtide",
        "repo": "flake-utils",
        "rev": "997f7efcb746a9c140ce1f13c72263189225f482",
        "type": "github"
      },
      "original": {
        "owner": "numtide",
        "repo": "flake-utils",
        "type": "github"
      }
    },
    "flake-utils_5": {
      "locked": {
        "lastModified": 1634851050,
        "narHash": "sha256-N83GlSGPJJdcqhUxSCS/WwW5pksYf3VP1M13cDRTSVA=",
        "owner": "numtide",
        "repo": "flake-utils",
        "rev": "c91f3de5adaf1de973b797ef7485e441a65b8935",
        "type": "github"
      },
      "original": {
        "owner": "numtide",
        "repo": "flake-utils",
        "type": "github"
      }
    },
    "flake-utils_6": {
      "locked": {
        "lastModified": 1623875721,
        "narHash": "sha256-A8BU7bjS5GirpAUv4QA+QnJ4CceLHkcXdRp4xITDB0s=",
        "owner": "numtide",
        "repo": "flake-utils",
        "rev": "f7e004a55b120c02ecb6219596820fcd32ca8772",
        "type": "github"
      },
      "original": {
        "owner": "numtide",
        "repo": "flake-utils",
        "type": "github"
      }
    },
    "home-manager": {
      "inputs": {
        "nixpkgs": [
          "nixpkgs"
        ]
      },
      "locked": {
        "lastModified": 1635839387,
        "narHash": "sha256-2B6DqfTiwY5w2TljC4+AxEUuVYMTP5Fo2h5iGNIONvk=",
        "owner": "nix-community",
        "repo": "home-manager",
        "rev": "288faaa5a65e72e37e6027024829b15c8bb69286",
        "type": "github"
      },
      "original": {
        "owner": "nix-community",
        "ref": "master",
        "repo": "home-manager",
        "type": "github"
      }
    },
    "iteration-utilities": {
      "flake": false,
      "locked": {
        "lastModified": 1607362985,
        "narHash": "sha256-1r9sCSV609hgQ0IDHnLL7ybeRLeZYMu5iXq3ipB8TdY=",
        "owner": "MSeifert04",
        "repo": "iteration_utilities",
        "rev": "05e81f80026f2138952bd1a410bc715c89d7ab04",
        "type": "github"
      },
      "original": {
        "owner": "MSeifert04",
        "repo": "iteration_utilities",
        "type": "github"
      }
    },
    "jinja2": {
      "flake": false,
      "locked": {
        "lastModified": 1633395276,
        "narHash": "sha256-wIP5GuLgrOIFCliOjTMSjU3HCSt6t+TBaxn/7x0rePM=",
        "owner": "pallets",
        "repo": "jinja2",
        "rev": "f20a9c9ccbbfae312581ca9e740dcbecc218fad0",
        "type": "github"
      },
      "original": {
        "owner": "pallets",
        "repo": "jinja2",
        "type": "github"
      }
    },
    "jinja2-ansible-filters": {
      "flake": false,
      "locked": {
        "lastModified": 1586868174,
        "narHash": "sha256-ghQIgrGl8lolA5zdw2809f50OpMvOqOuNRH7kqBXND8=",
        "ref": "master",
        "rev": "9bc8fcc3950008bee9ebc06d0aae801f84437e2a",
        "revCount": 39,
        "type": "git",
        "url": "https://gitlab.com/dreamer-labs/libraries/jinja2-ansible-filters"
      },
      "original": {
        "type": "git",
        "url": "https://gitlab.com/dreamer-labs/libraries/jinja2-ansible-filters"
      }
    },
    "neovim-flake": {
      "inputs": {
        "flake-utils": "flake-utils_4",
        "nixpkgs": [
          "neovim-nightly-overlay",
          "nixpkgs"
        ]
      },
      "locked": {
        "dir": "contrib",
        "lastModified": 1635807019,
        "narHash": "sha256-jhp7vrTDooX2DUKvUKfCnrV0fyVk8sFkgljnPN/Iu+Q=",
        "owner": "neovim",
        "repo": "neovim",
        "rev": "29cec32f44db358b0dfcd560d2ba8228b9d9de39",
        "type": "github"
      },
      "original": {
        "dir": "contrib",
        "owner": "neovim",
        "repo": "neovim",
        "type": "github"
      }
    },
    "neovim-nightly-overlay": {
      "inputs": {
        "flake-compat": "flake-compat",
        "neovim-flake": "neovim-flake",
        "nixpkgs": [
          "nixpkgs"
        ]
      },
      "locked": {
        "lastModified": 1635840832,
        "narHash": "sha256-saUqVPGI7V/d7T7AK6PRzkS1M5T3aSu39nFLaX08NZA=",
        "owner": "nix-community",
        "repo": "neovim-nightly-overlay",
        "rev": "54a736a2c9606cef8895d555c2b080eb78f691b6",
        "type": "github"
      },
      "original": {
        "owner": "nix-community",
        "repo": "neovim-nightly-overlay",
        "type": "github"
      }
    },
    "nixGL": {
      "flake": false,
      "locked": {
        "lastModified": 1633350348,
        "narHash": "sha256-rfA7lqV+cR3bQt4lT2F+6qrIzJSPloJaGVATR9u+5yY=",
        "owner": "guibou",
        "repo": "nixGL",
        "rev": "c4aa5aa15af5d75e2f614a70063a2d341e8e3461",
        "type": "github"
      },
      "original": {
        "owner": "guibou",
        "repo": "nixGL",
        "type": "github"
      }
    },
    "nixos-hardware": {
      "locked": {
        "lastModified": 1635449388,
        "narHash": "sha256-i7hMiAgpRTGsMPTQKuNCDfW/ftQ+g9N6iaMj+RN6yws=",
        "owner": "NixOS",
        "repo": "nixos-hardware",
        "rev": "518b9c2159e7d4b7696ee18b8828f9086012923b",
        "type": "github"
      },
      "original": {
        "owner": "NixOS",
        "ref": "master",
        "repo": "nixos-hardware",
        "type": "github"
      }
    },
    "nixpkgs": {
      "locked": {
        "lastModified": 1634782485,
        "narHash": "sha256-psfh4OQSokGXG0lpq3zKFbhOo3QfoeudRcaUnwMRkQo=",
        "owner": "nixos",
        "repo": "nixpkgs",
        "rev": "34ad3ffe08adfca17fcb4e4a47bb5f3b113687be",
        "type": "github"
      },
      "original": {
        "owner": "nixos",
        "ref": "nixos-unstable",
        "repo": "nixpkgs",
        "type": "github"
      }
    },
    "nixpkgs_2": {
      "locked": {
        "lastModified": 1635776686,
        "narHash": "sha256-NMN30hR7opRCGLI4NSuGSul4/ivZ3PoKDKhMSdLXdgQ=",
        "owner": "NixOS",
        "repo": "nixpkgs",
        "rev": "edebe874a4f0a6ea0c6eb8e80e1e0e173f59e692",
        "type": "github"
      },
      "original": {
        "owner": "NixOS",
        "repo": "nixpkgs",
        "type": "github"
      }
    },
    "nixpkgs_3": {
      "locked": {
        "lastModified": 1610729867,
        "narHash": "sha256-bk/SBaBLqZX/PEqal27DMQwAHHl0dcZMp8NNksQr80s=",
        "owner": "NixOS",
        "repo": "nixpkgs",
        "rev": "04af07c659c6723a2259bb6bc00a47ec53330f20",
        "type": "github"
      },
      "original": {
        "owner": "NixOS",
        "repo": "nixpkgs",
        "type": "github"
      }
    },
    "nixpkgs_4": {
      "locked": {
        "lastModified": 1635792138,
        "narHash": "sha256-D79GqaYrwgyM4wvOPbQeKveAHROnVh97F36iSGZO9uA=",
        "owner": "nixos",
        "repo": "nixpkgs",
        "rev": "b165ce0c4efbb74246714b5c66b6bcdce8cde175",
        "type": "github"
      },
      "original": {
        "owner": "nixos",
        "ref": "nixos-unstable",
        "repo": "nixpkgs",
        "type": "github"
      }
    },
    "nixpkgs_5": {
      "locked": {
        "lastModified": 1634782485,
        "narHash": "sha256-psfh4OQSokGXG0lpq3zKFbhOo3QfoeudRcaUnwMRkQo=",
        "owner": "nixos",
        "repo": "nixpkgs",
        "rev": "34ad3ffe08adfca17fcb4e4a47bb5f3b113687be",
        "type": "github"
      },
      "original": {
        "owner": "nixos",
        "ref": "nixos-unstable",
        "repo": "nixpkgs",
        "type": "github"
      }
    },
    "nixpkgs_6": {
      "locked": {
        "lastModified": 1628186154,
        "narHash": "sha256-r2d0wvywFnL9z4iptztdFMhaUIAaGzrSs7kSok0PgmE=",
        "owner": "NixOS",
        "repo": "nixpkgs",
        "rev": "06552b72346632b6943c8032e57e702ea12413bf",
        "type": "github"
      },
      "original": {
        "owner": "NixOS",
        "repo": "nixpkgs",
        "type": "github"
      }
    },
    "node2nix": {
      "inputs": {
        "flake-utils": "flake-utils_5",
        "nixpkgs": "nixpkgs_5"
      },
      "locked": {
        "lastModified": 1635333828,
        "narHash": "sha256-Shs298eqoGVbZbAafn5s8JjpjiiVInFTkSiL7Tep30s=",
        "owner": "samuelludwig",
        "repo": "node2nix",
        "rev": "b250e5d1bfa0f260f8b055dbeefbcf0ab5199261",
        "type": "github"
      },
      "original": {
        "owner": "samuelludwig",
        "repo": "node2nix",
        "type": "github"
      }
    },
    "php-serenata-language-server": {
      "flake": false,
      "locked": {
        "lastModified": 1614968467,
        "narHash": "sha256-8UOIpaz9XIzgpIaOeolPAvKEbLt9H9/N80qwHDFPBEY=",
        "owner": "Serenata",
        "repo": "Serenata",
        "rev": "d3c9dcb3426a9b5ffe442a436e2179063ea6c9d7",
        "type": "gitlab"
      },
      "original": {
        "owner": "Serenata",
        "repo": "Serenata",
        "type": "gitlab"
      }
    },
    "plumbum": {
      "flake": false,
      "locked": {
        "lastModified": 1612813564,
        "narHash": "sha256-ATEInozJTmzNbLDDjiWMnA5IgVBG2hmKVyw/vsiPiu4=",
        "owner": "tomerfiliba",
        "repo": "plumbum",
        "rev": "4ba32fef6a099c3c9655c3bbd96a43ffb964abb0",
        "type": "github"
      },
      "original": {
        "owner": "tomerfiliba",
        "ref": "v1.7.0",
        "repo": "plumbum",
        "type": "github"
      }
    },
    "poetry-dynamic-versioning": {
      "flake": false,
      "locked": {
        "lastModified": 1628535348,
        "narHash": "sha256-xLodh4WTJjJPW75rWJ/CSybh85KEq0iLrB6wP3ya8g8=",
        "owner": "mtkennerly",
        "repo": "poetry-dynamic-versioning",
        "rev": "652173383453ad9e15e270419ac0e63fcd221412",
        "type": "github"
      },
      "original": {
        "owner": "mtkennerly",
        "repo": "poetry-dynamic-versioning",
        "type": "github"
      }
    },
    "poetry2nix": {
      "inputs": {
        "flake-utils": "flake-utils_3",
        "nixpkgs": "nixpkgs_3"
      },
      "locked": {
        "lastModified": 1633382856,
        "narHash": "sha256-hYlet806M9xJj4yxf0g5fhDT2IEUVIMAl7sqIeZ8DUM=",
        "owner": "nix-community",
        "repo": "poetry2nix",
        "rev": "705cbfa10e3d9bfed2e59e0256844ae3704dbd7e",
        "type": "github"
      },
      "original": {
        "owner": "nix-community",
        "repo": "poetry2nix",
        "type": "github"
      }
    },
    "pyyaml-include": {
      "flake": false,
      "locked": {
        "lastModified": 1635870690,
        "narHash": "sha256-ax3xdyDXeMeT34U1OiovGJg3Y8otJ7B9Blg9pD+e1yw=",
        "owner": "samuelludwig",
        "repo": "pyyaml-include",
        "rev": "0394534f483eb5f26b6c66c57ec41b8475070fdf",
        "type": "github"
      },
      "original": {
        "owner": "samuelludwig",
        "repo": "pyyaml-include",
        "type": "github"
      }
    },
    "root": {
      "inputs": {
        "cachix": "cachix",
        "composer2nix": "composer2nix",
        "copier": "copier",
        "fish-fasd": "fish-fasd",
        "fish-ssh-agent": "fish-ssh-agent",
        "home-manager": "home-manager",
        "neovim-nightly-overlay": "neovim-nightly-overlay",
        "nixGL": "nixGL",
        "nixos-hardware": "nixos-hardware",
        "nixpkgs": "nixpkgs_4",
        "node2nix": "node2nix",
        "php-serenata-language-server": "php-serenata-language-server",
        "rust-overlay": "rust-overlay",
        "telescope-fzf-native": "telescope-fzf-native"
      }
    },
    "rust-overlay": {
      "inputs": {
        "flake-utils": "flake-utils_6",
        "nixpkgs": "nixpkgs_6"
      },
      "locked": {
        "lastModified": 1635819430,
        "narHash": "sha256-z/XzPW4jQPhXWL9jFXIdbnVv/ch7v7rCcgL2TEMpPnY=",
        "owner": "oxalica",
        "repo": "rust-overlay",
        "rev": "632a079c10e64192f89ba0d06c0c60825f062ae4",
        "type": "github"
      },
      "original": {
        "owner": "oxalica",
        "repo": "rust-overlay",
        "type": "github"
      }
    },
    "telescope-fzf-native": {
      "flake": false,
      "locked": {
        "lastModified": 1631730850,
        "narHash": "sha256-Ne8GFK+A+o9ekU7HYBiIVZfJemArIBpiEImAv+PP7UY=",
        "owner": "nvim-telescope",
        "repo": "telescope-fzf-native.nvim",
        "rev": "59e38e1661ffdd586cb7fc22ca0b5a05c7caf988",
        "type": "github"
      },
      "original": {
        "owner": "nvim-telescope",
        "repo": "telescope-fzf-native.nvim",
        "type": "github"
      }
    }
  },
  "root": "root",
  "version": 7
}
